
Microsoft Visual Studio Solution File, Format Version 12.00
# Visual Studio 2012
Project("{FAE04EC0-301F-11D3-BF4B-00C04F79EFBC}") = "Web", "Web\Web.csproj", "{1CD75FFC-43F4-40BB-9F89-25967056829A}"
EndProject
Global
	GlobalSection(SolutionConfigurationPlatforms) = preSolution
		Debug|Any CPU = Debug|Any CPU
		Release|Any CPU = Release|Any CPU
	EndGlobalSection
	GlobalSection(ProjectConfigurationPlatforms) = postSolution
		{1CD75FFC-43F4-40BB-9F89-25967056829A}.Debug|Any CPU.ActiveCfg = Debug|Any CPU
		{1CD75FFC-43F4-40BB-9F89-25967056829A}.Debug|Any CPU.Build.0 = Debug|Any CPU
		{1CD75FFC-43F4-40BB-9F89-25967056829A}.Release|Any CPU.ActiveCfg = Release|Any CPU
		{1CD75FFC-43F4-40BB-9F89-25967056829A}.Release|Any CPU.Build.0 = Release|Any CPU
	EndGlobalSection
	GlobalSection(SolutionProperties) = preSolution
		HideSolutionNode = FALSE
	EndGlobalSection
EndGlobal
